
Microsoft Visual Studio Solution File, Format Version 12.00
# Visual Studio Version 16
VisualStudioVersion = 16.0.30907.101
MinimumVisualStudioVersion = 10.0.40219.1
Project("{9A19103F-16F7-4668-BE54-9A1E7A4F7556}") = "Risk.Forms", "Risk.Forms\Risk.Forms\Risk.Forms.csproj", "{E30E0C4F-4131-4A88-9309-AE5F1CED6D77}"
EndProject
Project("{FAE04EC0-301F-11D3-BF4B-00C04F79EFBC}") = "Risk.Forms.Android", "Risk.Forms\Risk.Forms.Android\Risk.Forms.Android.csproj", "{CC462532-5396-4E7B-AB07-F9524D71F668}"
EndProject
Project("{FAE04EC0-301F-11D3-BF4B-00C04F79EFBC}") = "Risk.Forms.UWP", "Risk.Forms\Risk.Forms.UWP\Risk.Forms.UWP.csproj", "{C3577EF3-8034-48EB-9186-EA6FCB6E3A18}"
EndProject
Project("{9A19103F-16F7-4668-BE54-9A1E7A4F7556}") = "Risk.API.Client", "..\..\..\backend\Risk.API.Client\Risk.API.Client\src\Risk.API.Client\Risk.API.Client.csproj", "{22F7EE69-0B55-4BA7-B2C2-334297D3463A}"
EndProject
Global
	GlobalSection(SolutionConfigurationPlatforms) = preSolution
		Debug|Any CPU = Debug|Any CPU
		Debug|ARM = Debug|ARM
		Debug|x64 = Debug|x64
		Debug|x86 = Debug|x86
		Release|Any CPU = Release|Any CPU
		Release|ARM = Release|ARM
		Release|x64 = Release|x64
		Release|x86 = Release|x86
	EndGlobalSection
	GlobalSection(ProjectConfigurationPlatforms) = postSolution
		{E30E0C4F-4131-4A88-9309-AE5F1CED6D77}.Debug|Any CPU.ActiveCfg = Debug|Any CPU
		{E30E0C4F-4131-4A88-9309-AE5F1CED6D77}.Debug|Any CPU.Build.0 = Debug|Any CPU
		{E30E0C4F-4131-4A88-9309-AE5F1CED6D77}.Debug|ARM.ActiveCfg = Debug|Any CPU
		{E30E0C4F-4131-4A88-9309-AE5F1CED6D77}.Debug|ARM.Build.0 = Debug|Any CPU
		{E30E0C4F-4131-4A88-9309-AE5F1CED6D77}.Debug|x64.ActiveCfg = Debug|Any CPU
		{E30E0C4F-4131-4A88-9309-AE5F1CED6D77}.Debug|x64.Build.0 = Debug|Any CPU
		{E30E0C4F-4131-4A88-9309-AE5F1CED6D77}.Debug|x86.ActiveCfg = Debug|Any CPU
		{E30E0C4F-4131-4A88-9309-AE5F1CED6D77}.Debug|x86.Build.0 = Debug|Any CPU
		{E30E0C4F-4131-4A88-9309-AE5F1CED6D77}.Release|Any CPU.ActiveCfg = Release|Any CPU
		{E30E0C4F-4131-4A88-9309-AE5F1CED6D77}.Release|Any CPU.Build.0 = Release|Any CPU
		{E30E0C4F-4131-4A88-9309-AE5F1CED6D77}.Release|ARM.ActiveCfg = Release|Any CPU
		{E30E0C4F-4131-4A88-9309-AE5F1CED6D77}.Release|ARM.Build.0 = Release|Any CPU
		{E30E0C4F-4131-4A88-9309-AE5F1CED6D77}.Release|x64.ActiveCfg = Release|Any CPU
		{E30E0C4F-4131-4A88-9309-AE5F1CED6D77}.Release|x64.Build.0 = Release|Any CPU
		{E30E0C4F-4131-4A88-9309-AE5F1CED6D77}.Release|x86.ActiveCfg = Release|Any CPU
		{E30E0C4F-4131-4A88-9309-AE5F1CED6D77}.Release|x86.Build.0 = Release|Any CPU
		{CC462532-5396-4E7B-AB07-F9524D71F668}.Debug|Any CPU.ActiveCfg = Debug|Any CPU
		{CC462532-5396-4E7B-AB07-F9524D71F668}.Debug|Any CPU.Build.0 = Debug|Any CPU
		{CC462532-5396-4E7B-AB07-F9524D71F668}.Debug|Any CPU.Deploy.0 = Debug|Any CPU
		{CC462532-5396-4E7B-AB07-F9524D71F668}.Debug|ARM.ActiveCfg = Debug|Any CPU
		{CC462532-5396-4E7B-AB07-F9524D71F668}.Debug|ARM.Build.0 = Debug|Any CPU
		{CC462532-5396-4E7B-AB07-F9524D71F668}.Debug|ARM.Deploy.0 = Debug|Any CPU
		{CC462532-5396-4E7B-AB07-F9524D71F668}.Debug|x64.ActiveCfg = Debug|Any CPU
		{CC462532-5396-4E7B-AB07-F9524D71F668}.Debug|x64.Build.0 = Debug|Any CPU
		{CC462532-5396-4E7B-AB07-F9524D71F668}.Debug|x64.Deploy.0 = Debug|Any CPU
		{CC462532-5396-4E7B-AB07-F9524D71F668}.Debug|x86.ActiveCfg = Debug|Any CPU
		{CC462532-5396-4E7B-AB07-F9524D71F668}.Debug|x86.Build.0 = Debug|Any CPU
		{CC462532-5396-4E7B-AB07-F9524D71F668}.Debug|x86.Deploy.0 = Debug|Any CPU
		{CC462532-5396-4E7B-AB07-F9524D71F668}.Release|Any CPU.ActiveCfg = Release|Any CPU
		{CC462532-5396-4E7B-AB07-F9524D71F668}.Release|Any CPU.Build.0 = Release|Any CPU
		{CC462532-5396-4E7B-AB07-F9524D71F668}.Release|Any CPU.Deploy.0 = Release|Any CPU
		{CC462532-5396-4E7B-AB07-F9524D71F668}.Release|ARM.ActiveCfg = Release|Any CPU
		{CC462532-5396-4E7B-AB07-F9524D71F668}.Release|ARM.Build.0 = Release|Any CPU
		{CC462532-5396-4E7B-AB07-F9524D71F668}.Release|ARM.Deploy.0 = Release|Any CPU
		{CC462532-5396-4E7B-AB07-F9524D71F668}.Release|x64.ActiveCfg = Release|Any CPU
		{CC462532-5396-4E7B-AB07-F9524D71F668}.Release|x64.Build.0 = Release|Any CPU
		{CC462532-5396-4E7B-AB07-F9524D71F668}.Release|x64.Deploy.0 = Release|Any CPU
		{CC462532-5396-4E7B-AB07-F9524D71F668}.Release|x86.ActiveCfg = Release|Any CPU
		{CC462532-5396-4E7B-AB07-F9524D71F668}.Release|x86.Build.0 = Release|Any CPU
		{CC462532-5396-4E7B-AB07-F9524D71F668}.Release|x86.Deploy.0 = Release|Any CPU
		{C3577EF3-8034-48EB-9186-EA6FCB6E3A18}.Debug|Any CPU.ActiveCfg = Debug|x86
		{C3577EF3-8034-48EB-9186-EA6FCB6E3A18}.Debug|Any CPU.Build.0 = Debug|x86
		{C3577EF3-8034-48EB-9186-EA6FCB6E3A18}.Debug|Any CPU.Deploy.0 = Debug|x86
		{C3577EF3-8034-48EB-9186-EA6FCB6E3A18}.Debug|ARM.ActiveCfg = Debug|ARM
		{C3577EF3-8034-48EB-9186-EA6FCB6E3A18}.Debug|ARM.Build.0 = Debug|ARM
		{C3577EF3-8034-48EB-9186-EA6FCB6E3A18}.Debug|ARM.Deploy.0 = Debug|ARM
		{C3577EF3-8034-48EB-9186-EA6FCB6E3A18}.Debug|x64.ActiveCfg = Debug|x64
		{C3577EF3-8034-48EB-9186-EA6FCB6E3A18}.Debug|x64.Build.0 = Debug|x64
		{C3577EF3-8034-48EB-9186-EA6FCB6E3A18}.Debug|x64.Deploy.0 = Debug|x64
		{C3577EF3-8034-48EB-9186-EA6FCB6E3A18}.Debug|x86.ActiveCfg = Debug|x86
		{C3577EF3-8034-48EB-9186-EA6FCB6E3A18}.Debug|x86.Build.0 = Debug|x86
		{C3577EF3-8034-48EB-9186-EA6FCB6E3A18}.Debug|x86.Deploy.0 = Debug|x86
		{C3577EF3-8034-48EB-9186-EA6FCB6E3A18}.Release|Any CPU.ActiveCfg = Release|x86
		{C3577EF3-8034-48EB-9186-EA6FCB6E3A18}.Release|Any CPU.Build.0 = Release|x86
		{C3577EF3-8034-48EB-9186-EA6FCB6E3A18}.Release|Any CPU.Deploy.0 = Release|x86
		{C3577EF3-8034-48EB-9186-EA6FCB6E3A18}.Release|ARM.ActiveCfg = Release|ARM
		{C3577EF3-8034-48EB-9186-EA6FCB6E3A18}.Release|ARM.Build.0 = Release|ARM
		{C3577EF3-8034-48EB-9186-EA6FCB6E3A18}.Release|ARM.Deploy.0 = Release|ARM
		{C3577EF3-8034-48EB-9186-EA6FCB6E3A18}.Release|x64.ActiveCfg = Release|x64
		{C3577EF3-8034-48EB-9186-EA6FCB6E3A18}.Release|x64.Build.0 = Release|x64
		{C3577EF3-8034-48EB-9186-EA6FCB6E3A18}.Release|x64.Deploy.0 = Release|x64
		{C3577EF3-8034-48EB-9186-EA6FCB6E3A18}.Release|x86.ActiveCfg = Release|x86
		{C3577EF3-8034-48EB-9186-EA6FCB6E3A18}.Release|x86.Build.0 = Release|x86
		{C3577EF3-8034-48EB-9186-EA6FCB6E3A18}.Release|x86.Deploy.0 = Release|x86
		{22F7EE69-0B55-4BA7-B2C2-334297D3463A}.Debug|Any CPU.ActiveCfg = Debug|Any CPU
		{22F7EE69-0B55-4BA7-B2C2-334297D3463A}.Debug|Any CPU.Build.0 = Debug|Any CPU
		{22F7EE69-0B55-4BA7-B2C2-334297D3463A}.Debug|ARM.ActiveCfg = Debug|Any CPU
		{22F7EE69-0B55-4BA7-B2C2-334297D3463A}.Debug|ARM.Build.0 = Debug|Any CPU
		{22F7EE69-0B55-4BA7-B2C2-334297D3463A}.Debug|x64.ActiveCfg = Debug|Any CPU
		{22F7EE69-0B55-4BA7-B2C2-334297D3463A}.Debug|x64.Build.0 = Debug|Any CPU
		{22F7EE69-0B55-4BA7-B2C2-334297D3463A}.Debug|x86.ActiveCfg = Debug|Any CPU
		{22F7EE69-0B55-4BA7-B2C2-334297D3463A}.Debug|x86.Build.0 = Debug|Any CPU
		{22F7EE69-0B55-4BA7-B2C2-334297D3463A}.Release|Any CPU.ActiveCfg = Release|Any CPU
		{22F7EE69-0B55-4BA7-B2C2-334297D3463A}.Release|Any CPU.Build.0 = Release|Any CPU
		{22F7EE69-0B55-4BA7-B2C2-334297D3463A}.Release|ARM.ActiveCfg = Release|Any CPU
		{22F7EE69-0B55-4BA7-B2C2-334297D3463A}.Release|ARM.Build.0 = Release|Any CPU
		{22F7EE69-0B55-4BA7-B2C2-334297D3463A}.Release|x64.ActiveCfg = Release|Any CPU
		{22F7EE69-0B55-4BA7-B2C2-334297D3463A}.Release|x64.Build.0 = Release|Any CPU
		{22F7EE69-0B55-4BA7-B2C2-334297D3463A}.Release|x86.ActiveCfg = Release|Any CPU
		{22F7EE69-0B55-4BA7-B2C2-334297D3463A}.Release|x86.Build.0 = Release|Any CPU
	EndGlobalSection
	GlobalSection(SolutionProperties) = preSolution
		HideSolutionNode = FALSE
	EndGlobalSection
	GlobalSection(ExtensibilityGlobals) = postSolution
		SolutionGuid = {78AF8AD0-AF87-47D1-B3A6-336F54BAAC47}
	EndGlobalSection
EndGlobal
